{
  "name": "rummikub-leg",
  "version": "1.0.0",
  "lockfileVersion": 3,
  "requires": true,
  "packages": {
    "": {
      "name": "rummikub-leg",
      "version": "1.0.0",
      "license": "MIT",
      "dependencies": {
        "@jscad/modeling": "^2.12.4"
      }
    },
    "node_modules/@jscad/modeling": {
      "version": "2.12.4",
      "resolved": "https://registry.npmjs.org/@jscad/modeling/-/modeling-2.12.4.tgz",
      "integrity": "sha512-VxTcUrfhgzmktqUu6APt84MkdaUcJIoH9UCSjKpv76qmsH5PMo6UqYbVkuil16NJ6LgJCnmAf25n2B6Y9JZALA=="
    }
  }
}
